/data/cailab/flask_output/20240508164858-558cc664-c41a-49cc-a0e8-6f0ceb8e1ba0/bam/CS-3w-C.bam
/data/cailab/flask_output/20240508164858-558cc664-c41a-49cc-a0e8-6f0ceb8e1ba0/bam/CS-3w-caC.bam
/data/cailab/flask_output/20240508164858-558cc664-c41a-49cc-a0e8-6f0ceb8e1ba0/trim/trim_CS-3w-caC_1.fq.gz
/data/cailab/flask_output/20240508164858-558cc664-c41a-49cc-a0e8-6f0ceb8e1ba0/trim/trim_CS-3w-caC_2.fq.gz
/data/cailab/flask_output/20240508164858-558cc664-c41a-49cc-a0e8-6f0ceb8e1ba0/trim/CS-3w-caC.json
/data/cailab/flask_output/20240508164858-558cc664-c41a-49cc-a0e8-6f0ceb8e1ba0/trim/CS-3w-caC.html
/data/cailab/flask_output/20240508164858-558cc664-c41a-49cc-a0e8-6f0ceb8e1ba0/debam/de_temp_CS-3w-C.bam
/data/cailab/flask_output/20240508164858-558cc664-c41a-49cc-a0e8-6f0ceb8e1ba0/debam/de_CS-3w-C.bam
/data/cailab/flask_output/20240508164858-558cc664-c41a-49cc-a0e8-6f0ceb8e1ba0/debam/de_CS-3w-C.bam.all.bed.hmc
/data/cailab/flask_output/20240508164858-558cc664-c41a-49cc-a0e8-6f0ceb8e1ba0/debam/de_CS-3w-C.bam.all.bed.mc
/data/cailab/flask_output/20240508164858-558cc664-c41a-49cc-a0e8-6f0ceb8e1ba0/trim/CS-3w-caC.fq
/data/cailab/flask_output/20240508164858-558cc664-c41a-49cc-a0e8-6f0ceb8e1ba0/trim/CS-3w-caC_cut_f1.fq
/data/cailab/flask_output/20240508164858-558cc664-c41a-49cc-a0e8-6f0ceb8e1ba0/trim/CS-3w-caC_cut_f2.fq
/data/cailab/flask_output/20240508164858-558cc664-c41a-49cc-a0e8-6f0ceb8e1ba0/debam/de_CS-3w-caC.bam.all.bed.hmc
/data/cailab/flask_output/20240508164858-558cc664-c41a-49cc-a0e8-6f0ceb8e1ba0/debam/de_CS-3w-caC.bam.all.bed.mc
/data/cailab/flask_output/20240508164858-558cc664-c41a-49cc-a0e8-6f0ceb8e1ba0/bam/CS-3w-C.bam.all.bed.hmc
/data/cailab/flask_output/20240508164858-558cc664-c41a-49cc-a0e8-6f0ceb8e1ba0/bam/CS-3w-C.bam.all.bed.mc
/data/cailab/flask_output/20240508164858-558cc664-c41a-49cc-a0e8-6f0ceb8e1ba0/trim/trim_CS-3w-C_1.fq.gz
/data/cailab/flask_output/20240508164858-558cc664-c41a-49cc-a0e8-6f0ceb8e1ba0/trim/trim_CS-3w-C_2.fq.gz
/data/cailab/flask_output/20240508164858-558cc664-c41a-49cc-a0e8-6f0ceb8e1ba0/trim/CS-3w-C.json
/data/cailab/flask_output/20240508164858-558cc664-c41a-49cc-a0e8-6f0ceb8e1ba0/trim/CS-3w-C.html
/data/cailab/flask_output/20240508164858-558cc664-c41a-49cc-a0e8-6f0ceb8e1ba0/trim/CS-3w-C.fq
/data/cailab/flask_output/20240508164858-558cc664-c41a-49cc-a0e8-6f0ceb8e1ba0/trim/CS-3w-C_cut_f1.fq
/data/cailab/flask_output/20240508164858-558cc664-c41a-49cc-a0e8-6f0ceb8e1ba0/trim/CS-3w-C_cut_f2.fq
/data/cailab/flask_output/20240508164858-558cc664-c41a-49cc-a0e8-6f0ceb8e1ba0/debam/de_temp_CS-3w-caC.bam
/data/cailab/flask_output/20240508164858-558cc664-c41a-49cc-a0e8-6f0ceb8e1ba0/debam/de_CS-3w-caC.bam
/data/cailab/flask_output/20240508164858-558cc664-c41a-49cc-a0e8-6f0ceb8e1ba0/bam/CS-3w-caC.bam.all.bed.hmc
/data/cailab/flask_output/20240508164858-558cc664-c41a-49cc-a0e8-6f0ceb8e1ba0/bam/CS-3w-caC.bam.all.bed.mc
